{
    "name": "promise-await-deep",
    "version": "1.0.0",
    "lockfileVersion": 2,
    "requires": true,
    "packages": {
        "": {
            "name": "promise-await-deep",
            "version": "1.0.0",
            "license": "UNLICENSED",
            "devDependencies": {
                "@types/node": "^16.11.9"
            }
        },
        "node_modules/@types/node": {
            "version": "16.11.43",
            "resolved": "https://registry.npmjs.org/@types/node/-/node-16.11.43.tgz",
            "integrity": "sha512-GqWykok+3uocgfAJM8imbozrqLnPyTrpFlrryURQlw1EesPUCx5XxTiucWDSFF9/NUEXDuD4bnvHm8xfVGWTpQ==",
            "dev": true
        }
    },
    "dependencies": {
        "@types/node": {
            "version": "16.11.43",
            "resolved": "https://registry.npmjs.org/@types/node/-/node-16.11.43.tgz",
            "integrity": "sha512-GqWykok+3uocgfAJM8imbozrqLnPyTrpFlrryURQlw1EesPUCx5XxTiucWDSFF9/NUEXDuD4bnvHm8xfVGWTpQ==",
            "dev": true
        }
    }
}
